// !$*UTF8*$!
{
	archiveVersion = 1;
	classes = {
	};
	objectVersion = 46;
	objects = {

/* Begin PBXBuildFile section */
		B60B821A1E6D9726009AF51D /* main.m in Sources */ = {isa = PBXBuildFile; fileRef = B60B82191E6D9726009AF51D /* main.m */; };
		B60B821D1E6D9726009AF51D /* AppDelegate.m in Sources */ = {isa = PBXBuildFile; fileRef = B60B821C1E6D9726009AF51D /* AppDelegate.m */; };
		B60B82261E6D9726009AF51D /* demo_all.xcdatamodeld in Sources */ = {isa = PBXBuildFile; fileRef = B60B82241E6D9726009AF51D /* demo_all.xcdatamodeld */; };
		B60B822B1E6D9726009AF51D /* LaunchScreen.storyboard in Resources */ = {isa = PBXBuildFile; fileRef = B60B82291E6D9726009AF51D /* LaunchScreen.storyboard */; };
		B60B82421E6D9765009AF51D /* LoginViewController.m in Sources */ = {isa = PBXBuildFile; fileRef = B60B82331E6D9765009AF51D /* LoginViewController.m */; };
		B60B82431E6D9765009AF51D /* RegisterViewController.m in Sources */ = {isa = PBXBuildFile; fileRef = B60B82351E6D9765009AF51D /* RegisterViewController.m */; };
		B60B82441E6D9765009AF51D /* TaskListTableViewController.m in Sources */ = {isa = PBXBuildFile; fileRef = B60B82371E6D9765009AF51D /* TaskListTableViewController.m */; };
		B60B82451E6D9765009AF51D /* TasksTableViewController.m in Sources */ = {isa = PBXBuildFile; fileRef = B60B82391E6D9765009AF51D /* TasksTableViewController.m */; };
		B60B82471E6D9765009AF51D /* ManageIDViewController.m in Sources */ = {isa = PBXBuildFile; fileRef = B60B823D1E6D9765009AF51D /* ManageIDViewController.m */; };
		B60B82491E6D9765009AF51D /* SettingsVersionViewController.m in Sources */ = {isa = PBXBuildFile; fileRef = B60B82411E6D9765009AF51D /* SettingsVersionViewController.m */; };
		B60B824C1E6D9798009AF51D /* Main.storyboard in Resources */ = {isa = PBXBuildFile; fileRef = B60B824B1E6D9798009AF51D /* Main.storyboard */; };
		B60B825A1E6D97AB009AF51D /* FMDatabase.m in Sources */ = {isa = PBXBuildFile; fileRef = B60B824E1E6D97AB009AF51D /* FMDatabase.m */; };
		B60B825B1E6D97AB009AF51D /* FMDatabaseAdditions.m in Sources */ = {isa = PBXBuildFile; fileRef = B60B82501E6D97AB009AF51D /* FMDatabaseAdditions.m */; };
		B60B825C1E6D97AB009AF51D /* FMDatabasePool.m in Sources */ = {isa = PBXBuildFile; fileRef = B60B82521E6D97AB009AF51D /* FMDatabasePool.m */; };
		B60B825D1E6D97AB009AF51D /* FMDatabaseQueue.m in Sources */ = {isa = PBXBuildFile; fileRef = B60B82541E6D97AB009AF51D /* FMDatabaseQueue.m */; };
		B60B825E1E6D97AB009AF51D /* FMResultSet.m in Sources */ = {isa = PBXBuildFile; fileRef = B60B82571E6D97AB009AF51D /* FMResultSet.m */; };
		B60B825F1E6D97AB009AF51D /* Info.plist in Resources */ = {isa = PBXBuildFile; fileRef = B60B82581E6D97AB009AF51D /* Info.plist */; };
		B60B82621E6D9852009AF51D /* libsqlite3.tbd in Frameworks */ = {isa = PBXBuildFile; fileRef = B60B82611E6D9852009AF51D /* libsqlite3.tbd */; };
		B60B826B1E6D98CA009AF51D /* Tasks+CoreDataClass.m in Sources */ = {isa = PBXBuildFile; fileRef = B60B82641E6D98CA009AF51D /* Tasks+CoreDataClass.m */; };
		B60B826C1E6D98CA009AF51D /* Tasks+CoreDataProperties.m in Sources */ = {isa = PBXBuildFile; fileRef = B60B82661E6D98CA009AF51D /* Tasks+CoreDataProperties.m */; };
		B60B826D1E6D98CA009AF51D /* TaskList+CoreDataClass.m in Sources */ = {isa = PBXBuildFile; fileRef = B60B82681E6D98CA009AF51D /* TaskList+CoreDataClass.m */; };
		B60B826E1E6D98CA009AF51D /* TaskList+CoreDataProperties.m in Sources */ = {isa = PBXBuildFile; fileRef = B60B826A1E6D98CA009AF51D /* TaskList+CoreDataProperties.m */; };
		B60B82701E6D991C009AF51D /* Assets.xcassets in Resources */ = {isa = PBXBuildFile; fileRef = B60B826F1E6D991C009AF51D /* Assets.xcassets */; };
		B63FCE4F1E750D6B0056EA92 /* DetailViewController.m in Sources */ = {isa = PBXBuildFile; fileRef = B63FCE4E1E750D6B0056EA92 /* DetailViewController.m */; };
		B6582DB81E6F177D00EE2649 /* SettingsTableViewController.m in Sources */ = {isa = PBXBuildFile; fileRef = B6582DB71E6F177D00EE2649 /* SettingsTableViewController.m */; };
		B67ADF261E702DD100D1C3F6 /* SettingsPasswdViewController.m in Sources */ = {isa = PBXBuildFile; fileRef = B67ADF251E702DD100D1C3F6 /* SettingsPasswdViewController.m */; };
/* End PBXBuildFile section */

/* Begin PBXFileReference section */
		B60B82151E6D9726009AF51D /* demo_all.app */ = {isa = PBXFileReference; explicitFileType = wrapper.application; includeInIndex = 0; path = demo_all.app; sourceTree = BUILT_PRODUCTS_DIR; };
		B60B82191E6D9726009AF51D /* main.m */ = {isa = PBXFileReference; lastKnownFileType = sourcecode.c.objc; path = main.m; sourceTree = "<group>"; };
		B60B821B1E6D9726009AF51D /* AppDelegate.h */ = {isa = PBXFileReference; lastKnownFileType = sourcecode.c.h; path = AppDelegate.h; sourceTree = "<group>"; };
		B60B821C1E6D9726009AF51D /* AppDelegate.m */ = {isa = PBXFileReference; lastKnownFileType = sourcecode.c.objc; path = AppDelegate.m; sourceTree = "<group>"; };
		B60B82251E6D9726009AF51D /* demo_all.xcdatamodel */ = {isa = PBXFileReference; lastKnownFileType = wrapper.xcdatamodel; path = demo_all.xcdatamodel; sourceTree = "<group>"; };
		B60B822A1E6D9726009AF51D /* Base */ = {isa = PBXFileReference; lastKnownFileType = file.storyboard; name = Base; path = Base.lproj/LaunchScreen.storyboard; sourceTree = "<group>"; };
		B60B822C1E6D9726009AF51D /* Info.plist */ = {isa = PBXFileReference; lastKnownFileType = text.plist.xml; path = Info.plist; sourceTree = "<group>"; };
		B60B82321E6D9765009AF51D /* LoginViewController.h */ = {isa = PBXFileReference; fileEncoding = 4; lastKnownFileType = sourcecode.c.h; name = LoginViewController.h; path = ../../demo_new/demo/LoginViewController.h; sourceTree = "<group>"; };
		B60B82331E6D9765009AF51D /* LoginViewController.m */ = {isa = PBXFileReference; fileEncoding = 4; lastKnownFileType = sourcecode.c.objc; name = LoginViewController.m; path = ../../demo_new/demo/LoginViewController.m; sourceTree = "<group>"; };
		B60B82341E6D9765009AF51D /* RegisterViewController.h */ = {isa = PBXFileReference; fileEncoding = 4; lastKnownFileType = sourcecode.c.h; name = RegisterViewController.h; path = ../../demo_new/demo/RegisterViewController.h; sourceTree = "<group>"; };
		B60B82351E6D9765009AF51D /* RegisterViewController.m */ = {isa = PBXFileReference; fileEncoding = 4; lastKnownFileType = sourcecode.c.objc; name = RegisterViewController.m; path = ../../demo_new/demo/RegisterViewController.m; sourceTree = "<group>"; };
		B60B82361E6D9765009AF51D /* TaskListTableViewController.h */ = {isa = PBXFileReference; fileEncoding = 4; lastKnownFileType = sourcecode.c.h; name = TaskListTableViewController.h; path = ../../demo_new/demo/TaskListTableViewController.h; sourceTree = "<group>"; };
		B60B82371E6D9765009AF51D /* TaskListTableViewController.m */ = {isa = PBXFileReference; fileEncoding = 4; lastKnownFileType = sourcecode.c.objc; name = TaskListTableViewController.m; path = ../../demo_new/demo/TaskListTableViewController.m; sourceTree = "<group>"; };
		B60B82381E6D9765009AF51D /* TasksTableViewController.h */ = {isa = PBXFileReference; fileEncoding = 4; lastKnownFileType = sourcecode.c.h; name = TasksTableViewController.h; path = ../../demo_new/demo/TasksTableViewController.h; sourceTree = "<group>"; };
		B60B82391E6D9765009AF51D /* TasksTableViewController.m */ = {isa = PBXFileReference; fileEncoding = 4; lastKnownFileType = sourcecode.c.objc; name = TasksTableViewController.m; path = ../../demo_new/demo/TasksTableViewController.m; sourceTree = "<group>"; };
		B60B823C1E6D9765009AF51D /* ManageIDViewController.h */ = {isa = PBXFileReference; fileEncoding = 4; lastKnownFileType = sourcecode.c.h; name = ManageIDViewController.h; path = ../../demo_new/demo/ManageIDViewController.h; sourceTree = "<group>"; };
		B60B823D1E6D9765009AF51D /* ManageIDViewController.m */ = {isa = PBXFileReference; fileEncoding = 4; lastKnownFileType = sourcecode.c.objc; name = ManageIDViewController.m; path = ../../demo_new/demo/ManageIDViewController.m; sourceTree = "<group>"; };
		B60B82401E6D9765009AF51D /* SettingsVersionViewController.h */ = {isa = PBXFileReference; fileEncoding = 4; lastKnownFileType = sourcecode.c.h; name = SettingsVersionViewController.h; path = ../../demo_new/demo/SettingsVersionViewController.h; sourceTree = "<group>"; };
		B60B82411E6D9765009AF51D /* SettingsVersionViewController.m */ = {isa = PBXFileReference; fileEncoding = 4; lastKnownFileType = sourcecode.c.objc; name = SettingsVersionViewController.m; path = ../../demo_new/demo/SettingsVersionViewController.m; sourceTree = "<group>"; };
		B60B824A1E6D9798009AF51D /* Base */ = {isa = PBXFileReference; lastKnownFileType = file.storyboard; name = Base; path = Base.lproj/Main.storyboard; sourceTree = "<group>"; };
		B60B824D1E6D97AB009AF51D /* FMDatabase.h */ = {isa = PBXFileReference; fileEncoding = 4; lastKnownFileType = sourcecode.c.h; path = FMDatabase.h; sourceTree = "<group>"; };
		B60B824E1E6D97AB009AF51D /* FMDatabase.m */ = {isa = PBXFileReference; fileEncoding = 4; lastKnownFileType = sourcecode.c.objc; path = FMDatabase.m; sourceTree = "<group>"; };
		B60B824F1E6D97AB009AF51D /* FMDatabaseAdditions.h */ = {isa = PBXFileReference; fileEncoding = 4; lastKnownFileType = sourcecode.c.h; path = FMDatabaseAdditions.h; sourceTree = "<group>"; };
		B60B82501E6D97AB009AF51D /* FMDatabaseAdditions.m */ = {isa = PBXFileReference; fileEncoding = 4; lastKnownFileType = sourcecode.c.objc; path = FMDatabaseAdditions.m; sourceTree = "<group>"; };
		B60B82511E6D97AB009AF51D /* FMDatabasePool.h */ = {isa = PBXFileReference; fileEncoding = 4; lastKnownFileType = sourcecode.c.h; path = FMDatabasePool.h; sourceTree = "<group>"; };
		B60B82521E6D97AB009AF51D /* FMDatabasePool.m */ = {isa = PBXFileReference; fileEncoding = 4; lastKnownFileType = sourcecode.c.objc; path = FMDatabasePool.m; sourceTree = "<group>"; };
		B60B82531E6D97AB009AF51D /* FMDatabaseQueue.h */ = {isa = PBXFileReference; fileEncoding = 4; lastKnownFileType = sourcecode.c.h; path = FMDatabaseQueue.h; sourceTree = "<group>"; };
		B60B82541E6D97AB009AF51D /* FMDatabaseQueue.m */ = {isa = PBXFileReference; fileEncoding = 4; lastKnownFileType = sourcecode.c.objc; path = FMDatabaseQueue.m; sourceTree = "<group>"; };
		B60B82551E6D97AB009AF51D /* FMDB.h */ = {isa = PBXFileReference; fileEncoding = 4; lastKnownFileType = sourcecode.c.h; path = FMDB.h; sourceTree = "<group>"; };
		B60B82561E6D97AB009AF51D /* FMResultSet.h */ = {isa = PBXFileReference; fileEncoding = 4; lastKnownFileType = sourcecode.c.h; path = FMResultSet.h; sourceTree = "<group>"; };
		B60B82571E6D97AB009AF51D /* FMResultSet.m */ = {isa = PBXFileReference; fileEncoding = 4; lastKnownFileType = sourcecode.c.objc; path = FMResultSet.m; sourceTree = "<group>"; };
		B60B82581E6D97AB009AF51D /* Info.plist */ = {isa = PBXFileReference; fileEncoding = 4; lastKnownFileType = text.plist.xml; path = Info.plist; sourceTree = "<group>"; };
		B60B82611E6D9852009AF51D /* libsqlite3.tbd */ = {isa = PBXFileReference; lastKnownFileType = "sourcecode.text-based-dylib-definition"; name = libsqlite3.tbd; path = usr/lib/libsqlite3.tbd; sourceTree = SDKROOT; };
		B60B82631E6D98CA009AF51D /* Tasks+CoreDataClass.h */ = {isa = PBXFileReference; fileEncoding = 4; lastKnownFileType = sourcecode.c.h; name = "Tasks+CoreDataClass.h"; path = "../Tasks+CoreDataClass.h"; sourceTree = "<group>"; };
		B60B82641E6D98CA009AF51D /* Tasks+CoreDataClass.m */ = {isa = PBXFileReference; fileEncoding = 4; lastKnownFileType = sourcecode.c.objc; name = "Tasks+CoreDataClass.m"; path = "../Tasks+CoreDataClass.m"; sourceTree = "<group>"; };
		B60B82651E6D98CA009AF51D /* Tasks+CoreDataProperties.h */ = {isa = PBXFileReference; fileEncoding = 4; lastKnownFileType = sourcecode.c.h; name = "Tasks+CoreDataProperties.h"; path = "../Tasks+CoreDataProperties.h"; sourceTree = "<group>"; };
		B60B82661E6D98CA009AF51D /* Tasks+CoreDataProperties.m */ = {isa = PBXFileReference; fileEncoding = 4; lastKnownFileType = sourcecode.c.objc; name = "Tasks+CoreDataProperties.m"; path = "../Tasks+CoreDataProperties.m"; sourceTree = "<group>"; };
		B60B82671E6D98CA009AF51D /* TaskList+CoreDataClass.h */ = {isa = PBXFileReference; fileEncoding = 4; lastKnownFileType = sourcecode.c.h; name = "TaskList+CoreDataClass.h"; path = "../TaskList+CoreDataClass.h"; sourceTree = "<group>"; };
		B60B82681E6D98CA009AF51D /* TaskList+CoreDataClass.m */ = {isa = PBXFileReference; fileEncoding = 4; lastKnownFileType = sourcecode.c.objc; name = "TaskList+CoreDataClass.m"; path = "../TaskList+CoreDataClass.m"; sourceTree = "<group>"; };
		B60B82691E6D98CA009AF51D /* TaskList+CoreDataProperties.h */ = {isa = PBXFileReference; fileEncoding = 4; lastKnownFileType = sourcecode.c.h; name = "TaskList+CoreDataProperties.h"; path = "../TaskList+CoreDataProperties.h"; sourceTree = "<group>"; };
		B60B826A1E6D98CA009AF51D /* TaskList+CoreDataProperties.m */ = {isa = PBXFileReference; fileEncoding = 4; lastKnownFileType = sourcecode.c.objc; name = "TaskList+CoreDataProperties.m"; path = "../TaskList+CoreDataProperties.m"; sourceTree = "<group>"; };
		B60B826F1E6D991C009AF51D /* Assets.xcassets */ = {isa = PBXFileReference; lastKnownFileType = folder.assetcatalog; name = Assets.xcassets; path = ../../demo_new/demo/Assets.xcassets; sourceTree = "<group>"; };
		B63FCE4D1E750D6B0056EA92 /* DetailViewController.h */ = {isa = PBXFileReference; fileEncoding = 4; lastKnownFileType = sourcecode.c.h; path = DetailViewController.h; sourceTree = "<group>"; };
		B63FCE4E1E750D6B0056EA92 /* DetailViewController.m */ = {isa = PBXFileReference; fileEncoding = 4; lastKnownFileType = sourcecode.c.objc; path = DetailViewController.m; sourceTree = "<group>"; };
		B6582DB61E6F177D00EE2649 /* SettingsTableViewController.h */ = {isa = PBXFileReference; fileEncoding = 4; lastKnownFileType = sourcecode.c.h; path = SettingsTableViewController.h; sourceTree = "<group>"; };
		B6582DB71E6F177D00EE2649 /* SettingsTableViewController.m */ = {isa = PBXFileReference; fileEncoding = 4; lastKnownFileType = sourcecode.c.objc; path = SettingsTableViewController.m; sourceTree = "<group>"; };
		B67ADF241E702DD100D1C3F6 /* SettingsPasswdViewController.h */ = {isa = PBXFileReference; fileEncoding = 4; lastKnownFileType = sourcecode.c.h; path = SettingsPasswdViewController.h; sourceTree = "<group>"; };
		B67ADF251E702DD100D1C3F6 /* SettingsPasswdViewController.m */ = {isa = PBXFileReference; fileEncoding = 4; lastKnownFileType = sourcecode.c.objc; path = SettingsPasswdViewController.m; sourceTree = "<group>"; };
/* End PBXFileReference section */

/* Begin PBXFrameworksBuildPhase section */
		B60B82121E6D9726009AF51D /* Frameworks */ = {
			isa = PBXFrameworksBuildPhase;
			buildActionMask = 2147483647;
			files = (
				B60B82621E6D9852009AF51D /* libsqlite3.tbd in Frameworks */,
			);
			runOnlyForDeploymentPostprocessing = 0;
		};
/* End PBXFrameworksBuildPhase section */

/* Begin PBXGroup section */
		B60B820C1E6D9726009AF51D = {
			isa = PBXGroup;
			children = (
				B60B82591E6D97AB009AF51D /* fmdb */,
				B60B82171E6D9726009AF51D /* demo_all */,
				B60B82161E6D9726009AF51D /* Products */,
				B60B82601E6D9852009AF51D /* Frameworks */,
			);
			sourceTree = "<group>";
		};
		B60B82161E6D9726009AF51D /* Products */ = {
			isa = PBXGroup;
			children = (
				B60B82151E6D9726009AF51D /* demo_all.app */,
			);
			name = Products;
			sourceTree = "<group>";
		};
		B60B82171E6D9726009AF51D /* demo_all */ = {
			isa = PBXGroup;
			children = (
				B60B82321E6D9765009AF51D /* LoginViewController.h */,
				B60B82331E6D9765009AF51D /* LoginViewController.m */,
				B60B82341E6D9765009AF51D /* RegisterViewController.h */,
				B60B82351E6D9765009AF51D /* RegisterViewController.m */,
				B60B82361E6D9765009AF51D /* TaskListTableViewController.h */,
				B60B82371E6D9765009AF51D /* TaskListTableViewController.m */,
				B60B82381E6D9765009AF51D /* TasksTableViewController.h */,
				B60B82391E6D9765009AF51D /* TasksTableViewController.m */,
				B63FCE4D1E750D6B0056EA92 /* DetailViewController.h */,
				B63FCE4E1E750D6B0056EA92 /* DetailViewController.m */,
				B6582DB61E6F177D00EE2649 /* SettingsTableViewController.h */,
				B6582DB71E6F177D00EE2649 /* SettingsTableViewController.m */,
				B67ADF241E702DD100D1C3F6 /* SettingsPasswdViewController.h */,
				B67ADF251E702DD100D1C3F6 /* SettingsPasswdViewController.m */,
				B60B823C1E6D9765009AF51D /* ManageIDViewController.h */,
				B60B823D1E6D9765009AF51D /* ManageIDViewController.m */,
				B60B82401E6D9765009AF51D /* SettingsVersionViewController.h */,
				B60B82411E6D9765009AF51D /* SettingsVersionViewController.m */,
				B60B826F1E6D991C009AF51D /* Assets.xcassets */,
				B60B824B1E6D9798009AF51D /* Main.storyboard */,
				B60B82291E6D9726009AF51D /* LaunchScreen.storyboard */,
				B60B822C1E6D9726009AF51D /* Info.plist */,
				B60B82241E6D9726009AF51D /* demo_all.xcdatamodeld */,
				B60B82181E6D9726009AF51D /* Supporting Files */,
			);
			path = demo_all;
			sourceTree = "<group>";
		};
		B60B82181E6D9726009AF51D /* Supporting Files */ = {
			isa = PBXGroup;
			children = (
				B60B82631E6D98CA009AF51D /* Tasks+CoreDataClass.h */,
				B60B82641E6D98CA009AF51D /* Tasks+CoreDataClass.m */,
				B60B82651E6D98CA009AF51D /* Tasks+CoreDataProperties.h */,
				B60B82661E6D98CA009AF51D /* Tasks+CoreDataProperties.m */,
				B60B82671E6D98CA009AF51D /* TaskList+CoreDataClass.h */,
				B60B82681E6D98CA009AF51D /* TaskList+CoreDataClass.m */,
				B60B82691E6D98CA009AF51D /* TaskList+CoreDataProperties.h */,
				B60B826A1E6D98CA009AF51D /* TaskList+CoreDataProperties.m */,
				B60B821B1E6D9726009AF51D /* AppDelegate.h */,
				B60B821C1E6D9726009AF51D /* AppDelegate.m */,
				B60B82191E6D9726009AF51D /* main.m */,
			);
			name = "Supporting Files";
			sourceTree = "<group>";
		};
		B60B82591E6D97AB009AF51D /* fmdb */ = {
			isa = PBXGroup;
			children = (
				B60B824D1E6D97AB009AF51D /* FMDatabase.h */,
				B60B824E1E6D97AB009AF51D /* FMDatabase.m */,
				B60B824F1E6D97AB009AF51D /* FMDatabaseAdditions.h */,
				B60B82501E6D97AB009AF51D /* FMDatabaseAdditions.m */,
				B60B82511E6D97AB009AF51D /* FMDatabasePool.h */,
				B60B82521E6D97AB009AF51D /* FMDatabasePool.m */,
				B60B82531E6D97AB009AF51D /* FMDatabaseQueue.h */,
				B60B82541E6D97AB009AF51D /* FMDatabaseQueue.m */,
				B60B82551E6D97AB009AF51D /* FMDB.h */,
				B60B82561E6D97AB009AF51D /* FMResultSet.h */,
				B60B82571E6D97AB009AF51D /* FMResultSet.m */,
				B60B82581E6D97AB009AF51D /* Info.plist */,
			);
			name = fmdb;
			path = "/Users/tail/stanford/demo_new/../../Desktop/ios开发全套教程/048_Sqlite使用/fmdb";
			sourceTree = "<absolute>";
		};
		B60B82601E6D9852009AF51D /* Frameworks */ = {
			isa = PBXGroup;
			children = (
				B60B82611E6D9852009AF51D /* libsqlite3.tbd */,
			);
			name = Frameworks;
			sourceTree = "<group>";
		};
/* End PBXGroup section */

/* Begin PBXNativeTarget section */
		B60B82141E6D9726009AF51D /* demo_all */ = {
			isa = PBXNativeTarget;
			buildConfigurationList = B60B822F1E6D9726009AF51D /* Build configuration list for PBXNativeTarget "demo_all" */;
			buildPhases = (
				B60B82111E6D9726009AF51D /* Sources */,
				B60B82121E6D9726009AF51D /* Frameworks */,
				B60B82131E6D9726009AF51D /* Resources */,
			);
			buildRules = (
			);
			dependencies = (
			);
			name = demo_all;
			productName = demo_all;
			productReference = B60B82151E6D9726009AF51D /* demo_all.app */;
			productType = "com.apple.product-type.application";
		};
/* End PBXNativeTarget section */

/* Begin PBXProject section */
		B60B820D1E6D9726009AF51D /* Project object */ = {
			isa = PBXProject;
			attributes = {
				LastUpgradeCheck = 0810;
				ORGANIZATIONNAME = "庄云智";
				TargetAttributes = {
					B60B82141E6D9726009AF51D = {
						CreatedOnToolsVersion = 8.1;
						DevelopmentTeam = WMWXT9FPFV;
						ProvisioningStyle = Manual;
					};
				};
			};
			buildConfigurationList = B60B82101E6D9726009AF51D /* Build configuration list for PBXProject "demo_all" */;
			compatibilityVersion = "Xcode 3.2";
			developmentRegion = English;
			hasScannedForEncodings = 0;
			knownRegions = (
				en,
				Base,
			);
			mainGroup = B60B820C1E6D9726009AF51D;
			productRefGroup = B60B82161E6D9726009AF51D /* Products */;
			projectDirPath = "";
			projectRoot = "";
			targets = (
				B60B82141E6D9726009AF51D /* demo_all */,
			);
		};
/* End PBXProject section */

/* Begin PBXResourcesBuildPhase section */
		B60B82131E6D9726009AF51D /* Resources */ = {
			isa = PBXResourcesBuildPhase;
			buildActionMask = 2147483647;
			files = (
				B60B825F1E6D97AB009AF51D /* Info.plist in Resources */,
				B60B824C1E6D9798009AF51D /* Main.storyboard in Resources */,
				B60B82701E6D991C009AF51D /* Assets.xcassets in Resources */,
				B60B822B1E6D9726009AF51D /* LaunchScreen.storyboard in Resources */,
			);
			runOnlyForDeploymentPostprocessing = 0;
		};
/* End PBXResourcesBuildPhase section */

/* Begin PBXSourcesBuildPhase section */
		B60B82111E6D9726009AF51D /* Sources */ = {
			isa = PBXSourcesBuildPhase;
			buildActionMask = 2147483647;
			files = (
				B6582DB81E6F177D00EE2649 /* SettingsTableViewController.m in Sources */,
				B60B82431E6D9765009AF51D /* RegisterViewController.m in Sources */,
				B60B82421E6D9765009AF51D /* LoginViewController.m in Sources */,
				B60B825A1E6D97AB009AF51D /* FMDatabase.m in Sources */,
				B60B82441E6D9765009AF51D /* TaskListTableViewController.m in Sources */,
				B60B825D1E6D97AB009AF51D /* FMDatabaseQueue.m in Sources */,
				B63FCE4F1E750D6B0056EA92 /* DetailViewController.m in Sources */,
				B60B826D1E6D98CA009AF51D /* TaskList+CoreDataClass.m in Sources */,
				B60B825E1E6D97AB009AF51D /* FMResultSet.m in Sources */,
				B67ADF261E702DD100D1C3F6 /* SettingsPasswdViewController.m in Sources */,
				B60B821D1E6D9726009AF51D /* AppDelegate.m in Sources */,
				B60B82451E6D9765009AF51D /* TasksTableViewController.m in Sources */,
				B60B82261E6D9726009AF51D /* demo_all.xcdatamodeld in Sources */,
				B60B825B1E6D97AB009AF51D /* FMDatabaseAdditions.m in Sources */,
				B60B826B1E6D98CA009AF51D /* Tasks+CoreDataClass.m in Sources */,
				B60B826C1E6D98CA009AF51D /* Tasks+CoreDataProperties.m in Sources */,
				B60B82471E6D9765009AF51D /* ManageIDViewController.m in Sources */,
				B60B825C1E6D97AB009AF51D /* FMDatabasePool.m in Sources */,
				B60B821A1E6D9726009AF51D /* main.m in Sources */,
				B60B826E1E6D98CA009AF51D /* TaskList+CoreDataProperties.m in Sources */,
				B60B82491E6D9765009AF51D /* SettingsVersionViewController.m in Sources */,
			);
			runOnlyForDeploymentPostprocessing = 0;
		};
/* End PBXSourcesBuildPhase section */

/* Begin PBXVariantGroup section */
		B60B82291E6D9726009AF51D /* LaunchScreen.storyboard */ = {
			isa = PBXVariantGroup;
			children = (
				B60B822A1E6D9726009AF51D /* Base */,
			);
			name = LaunchScreen.storyboard;
			sourceTree = "<group>";
		};
		B60B824B1E6D9798009AF51D /* Main.storyboard */ = {
			isa = PBXVariantGroup;
			children = (
				B60B824A1E6D9798009AF51D /* Base */,
			);
			name = Main.storyboard;
			path = ../../demo_new/demo;
			sourceTree = "<group>";
		};
/* End PBXVariantGroup section */

/* Begin XCBuildConfiguration section */
		B60B822D1E6D9726009AF51D /* Debug */ = {
			isa = XCBuildConfiguration;
			buildSettings = {
				ALWAYS_SEARCH_USER_PATHS = NO;
				CLANG_ANALYZER_NONNULL = YES;
				CLANG_CXX_LANGUAGE_STANDARD = "gnu++0x";
				CLANG_CXX_LIBRARY = "libc++";
				CLANG_ENABLE_MODULES = YES;
				CLANG_ENABLE_OBJC_ARC = YES;
				CLANG_WARN_BOOL_CONVERSION = YES;
				CLANG_WARN_CONSTANT_CONVERSION = YES;
				CLANG_WARN_DIRECT_OBJC_ISA_USAGE = YES_ERROR;
				CLANG_WARN_DOCUMENTATION_COMMENTS = YES;
				CLANG_WARN_EMPTY_BODY = YES;
				CLANG_WARN_ENUM_CONVERSION = YES;
				CLANG_WARN_INFINITE_RECURSION = YES;
				CLANG_WARN_INT_CONVERSION = YES;
				CLANG_WARN_OBJC_ROOT_CLASS = YES_ERROR;
				CLANG_WARN_SUSPICIOUS_MOVES = YES;
				CLANG_WARN_UNREACHABLE_CODE = YES;
				CLANG_WARN__DUPLICATE_METHOD_MATCH = YES;
				"CODE_SIGN_IDENTITY[sdk=iphoneos*]" = "iPhone Developer";
				COPY_PHASE_STRIP = NO;
				DEBUG_INFORMATION_FORMAT = dwarf;
				ENABLE_STRICT_OBJC_MSGSEND = YES;
				ENABLE_TESTABILITY = YES;
				GCC_C_LANGUAGE_STANDARD = gnu99;
				GCC_DYNAMIC_NO_PIC = NO;
				GCC_NO_COMMON_BLOCKS = YES;
				GCC_OPTIMIZATION_LEVEL = 0;
				GCC_PREPROCESSOR_DEFINITIONS = (
					"DEBUG=1",
					"$(inherited)",
				);
				GCC_WARN_64_TO_32_BIT_CONVERSION = YES;
				GCC_WARN_ABOUT_RETURN_TYPE = YES_ERROR;
				GCC_WARN_UNDECLARED_SELECTOR = YES;
				GCC_WARN_UNINITIALIZED_AUTOS = YES_AGGRESSIVE;
				GCC_WARN_UNUSED_FUNCTION = YES;
				GCC_WARN_UNUSED_VARIABLE = YES;
				IPHONEOS_DEPLOYMENT_TARGET = 10.1;
				MTL_ENABLE_DEBUG_INFO = YES;
				ONLY_ACTIVE_ARCH = YES;
				SDKROOT = iphoneos;
			};
			name = Debug;
		};
		B60B822E1E6D9726009AF51D /* Release */ = {
			isa = XCBuildConfiguration;
			buildSettings = {
				ALWAYS_SEARCH_USER_PATHS = NO;
				CLANG_ANALYZER_NONNULL = YES;
				CLANG_CXX_LANGUAGE_STANDARD = "gnu++0x";
				CLANG_CXX_LIBRARY = "libc++";
				CLANG_ENABLE_MODULES = YES;
				CLANG_ENABLE_OBJC_ARC = YES;
				CLANG_WARN_BOOL_CONVERSION = YES;
				CLANG_WARN_CONSTANT_CONVERSION = YES;
				CLANG_WARN_DIRECT_OBJC_ISA_USAGE = YES_ERROR;
				CLANG_WARN_DOCUMENTATION_COMMENTS = YES;
				CLANG_WARN_EMPTY_BODY = YES;
				CLANG_WARN_ENUM_CONVERSION = YES;
				CLANG_WARN_INFINITE_RECURSION = YES;
				CLANG_WARN_INT_CONVERSION = YES;
				CLANG_WARN_OBJC_ROOT_CLASS = YES_ERROR;
				CLANG_WARN_SUSPICIOUS_MOVES = YES;
				CLANG_WARN_UNREACHABLE_CODE = YES;
				CLANG_WARN__DUPLICATE_METHOD_MATCH = YES;
				"CODE_SIGN_IDENTITY[sdk=iphoneos*]" = "iPhone Developer";
				COPY_PHASE_STRIP = NO;
				DEBUG_INFORMATION_FORMAT = "dwarf-with-dsym";
				ENABLE_NS_ASSERTIONS = NO;
				ENABLE_STRICT_OBJC_MSGSEND = YES;
				GCC_C_LANGUAGE_STANDARD = gnu99;
				GCC_NO_COMMON_BLOCKS = YES;
				GCC_WARN_64_TO_32_BIT_CONVERSION = YES;
				GCC_WARN_ABOUT_RETURN_TYPE = YES_ERROR;
				GCC_WARN_UNDECLARED_SELECTOR = YES;
				GCC_WARN_UNINITIALIZED_AUTOS = YES_AGGRESSIVE;
				GCC_WARN_UNUSED_FUNCTION = YES;
				GCC_WARN_UNUSED_VARIABLE = YES;
				IPHONEOS_DEPLOYMENT_TARGET = 10.1;
				MTL_ENABLE_DEBUG_INFO = NO;
				SDKROOT = iphoneos;
				VALIDATE_PRODUCT = YES;
			};
			name = Release;
		};
		B60B82301E6D9726009AF51D /* Debug */ = {
			isa = XCBuildConfiguration;
			buildSettings = {
				ASSETCATALOG_COMPILER_APPICON_NAME = AppIcon;
				CLANG_ENABLE_OBJC_ARC = NO;
				CLANG_ENABLE_OBJC_WEAK = YES;
				CODE_SIGN_IDENTITY = "iPhone Developer: Rui Yang (HK284P4TLZ)";
				DEVELOPMENT_TEAM = WMWXT9FPFV;
				INFOPLIST_FILE = demo_all/Info.plist;
				IPHONEOS_DEPLOYMENT_TARGET = 10.2;
				LD_RUNPATH_SEARCH_PATHS = "$(inherited) @executable_path/Frameworks";
				PRODUCT_BUNDLE_IDENTIFIER = "tail.demo-all";
				PRODUCT_NAME = "$(TARGET_NAME)";
				PROVISIONING_PROFILE = "10a5b9d8-75fc-4502-b82b-2d796450113a";
				PROVISIONING_PROFILE_SPECIFIER = iOS_Development;
			};
			name = Debug;
		};
		B60B82311E6D9726009AF51D /* Release */ = {
			isa = XCBuildConfiguration;
			buildSettings = {
				ASSETCATALOG_COMPILER_APPICON_NAME = AppIcon;
				CLANG_ENABLE_OBJC_ARC = NO;
				CLANG_ENABLE_OBJC_WEAK = YES;
				CODE_SIGN_IDENTITY = "iPhone Developer: Rui Yang (HK284P4TLZ)";
				DEVELOPMENT_TEAM = "";
				INFOPLIST_FILE = demo_all/Info.plist;
				IPHONEOS_DEPLOYMENT_TARGET = 10.2;
				LD_RUNPATH_SEARCH_PATHS = "$(inherited) @executable_path/Frameworks";
				PRODUCT_BUNDLE_IDENTIFIER = "tail.demo-all";
				PRODUCT_NAME = "$(TARGET_NAME)";
			};
			name = Release;
		};
/* End XCBuildConfiguration section */

/* Begin XCConfigurationList section */
		B60B82101E6D9726009AF51D /* Build configuration list for PBXProject "demo_all" */ = {
			isa = XCConfigurationList;
			buildConfigurations = (
				B60B822D1E6D9726009AF51D /* Debug */,
				B60B822E1E6D9726009AF51D /* Release */,
			);
			defaultConfigurationIsVisible = 0;
			defaultConfigurationName = Release;
		};
		B60B822F1E6D9726009AF51D /* Build configuration list for PBXNativeTarget "demo_all" */ = {
			isa = XCConfigurationList;
			buildConfigurations = (
				B60B82301E6D9726009AF51D /* Debug */,
				B60B82311E6D9726009AF51D /* Release */,
			);
			defaultConfigurationIsVisible = 0;
			defaultConfigurationName = Release;
		};
/* End XCConfigurationList section */

/* Begin XCVersionGroup section */
		B60B82241E6D9726009AF51D /* demo_all.xcdatamodeld */ = {
			isa = XCVersionGroup;
			children = (
				B60B82251E6D9726009AF51D /* demo_all.xcdatamodel */,
			);
			currentVersion = B60B82251E6D9726009AF51D /* demo_all.xcdatamodel */;
			path = demo_all.xcdatamodeld;
			sourceTree = "<group>";
			versionGroupType = wrapper.xcdatamodel;
		};
/* End XCVersionGroup section */
	};
	rootObject = B60B820D1E6D9726009AF51D /* Project object */;
}
